// !$*UTF8*$!
{
	archiveVersion = 1;
	classes = {
	};
	objectVersion = 50;
	objects = {

/* Begin PBXBuildFile section */
		B34D1E94266F70E900A3A641 /* recetaServices.swift in Sources */ = {isa = PBXBuildFile; fileRef = B34D1E93266F70E900A3A641 /* recetaServices.swift */; };
		B385DFD9266E779000E9AD14 /* AppDelegate.swift in Sources */ = {isa = PBXBuildFile; fileRef = B385DFD8266E779000E9AD14 /* AppDelegate.swift */; };
		B385DFDB266E779000E9AD14 /* SceneDelegate.swift in Sources */ = {isa = PBXBuildFile; fileRef = B385DFDA266E779000E9AD14 /* SceneDelegate.swift */; };
		B385DFDD266E779000E9AD14 /* ViewController.swift in Sources */ = {isa = PBXBuildFile; fileRef = B385DFDC266E779000E9AD14 /* ViewController.swift */; };
		B385DFE0266E779000E9AD14 /* Main.storyboard in Resources */ = {isa = PBXBuildFile; fileRef = B385DFDE266E779000E9AD14 /* Main.storyboard */; };
		B385DFE2266E779100E9AD14 /* Assets.xcassets in Resources */ = {isa = PBXBuildFile; fileRef = B385DFE1266E779100E9AD14 /* Assets.xcassets */; };
		B385DFE5266E779100E9AD14 /* LaunchScreen.storyboard in Resources */ = {isa = PBXBuildFile; fileRef = B385DFE3266E779100E9AD14 /* LaunchScreen.storyboard */; };
		B385DFEE266E7AA200E9AD14 /* receta.swift in Sources */ = {isa = PBXBuildFile; fileRef = B385DFED266E7AA200E9AD14 /* receta.swift */; };
		B385DFF1266E7AB500E9AD14 /* Rresetas.swift in Sources */ = {isa = PBXBuildFile; fileRef = B385DFF0266E7AB500E9AD14 /* Rresetas.swift */; };
		B385DFF4266E7B5000E9AD14 /* DetailViewController.swift in Sources */ = {isa = PBXBuildFile; fileRef = B385DFF3266E7B5000E9AD14 /* DetailViewController.swift */; };
/* End PBXBuildFile section */

/* Begin PBXFileReference section */
		B34D1E93266F70E900A3A641 /* recetaServices.swift */ = {isa = PBXFileReference; lastKnownFileType = sourcecode.swift; path = recetaServices.swift; sourceTree = "<group>"; };
		B385DFD5266E779000E9AD14 /* finalApp.app */ = {isa = PBXFileReference; explicitFileType = wrapper.application; includeInIndex = 0; path = finalApp.app; sourceTree = BUILT_PRODUCTS_DIR; };
		B385DFD8266E779000E9AD14 /* AppDelegate.swift */ = {isa = PBXFileReference; lastKnownFileType = sourcecode.swift; path = AppDelegate.swift; sourceTree = "<group>"; };
		B385DFDA266E779000E9AD14 /* SceneDelegate.swift */ = {isa = PBXFileReference; lastKnownFileType = sourcecode.swift; path = SceneDelegate.swift; sourceTree = "<group>"; };
		B385DFDC266E779000E9AD14 /* ViewController.swift */ = {isa = PBXFileReference; lastKnownFileType = sourcecode.swift; path = ViewController.swift; sourceTree = "<group>"; };
		B385DFDF266E779000E9AD14 /* Base */ = {isa = PBXFileReference; lastKnownFileType = file.storyboard; name = Base; path = Base.lproj/Main.storyboard; sourceTree = "<group>"; };
		B385DFE1266E779100E9AD14 /* Assets.xcassets */ = {isa = PBXFileReference; lastKnownFileType = folder.assetcatalog; path = Assets.xcassets; sourceTree = "<group>"; };
		B385DFE4266E779100E9AD14 /* Base */ = {isa = PBXFileReference; lastKnownFileType = file.storyboard; name = Base; path = Base.lproj/LaunchScreen.storyboard; sourceTree = "<group>"; };
		B385DFE6266E779100E9AD14 /* Info.plist */ = {isa = PBXFileReference; lastKnownFileType = text.plist.xml; path = Info.plist; sourceTree = "<group>"; };
		B385DFED266E7AA200E9AD14 /* receta.swift */ = {isa = PBXFileReference; lastKnownFileType = sourcecode.swift; path = receta.swift; sourceTree = "<group>"; };
		B385DFF0266E7AB500E9AD14 /* Rresetas.swift */ = {isa = PBXFileReference; lastKnownFileType = sourcecode.swift; path = Rresetas.swift; sourceTree = "<group>"; };
		B385DFF3266E7B5000E9AD14 /* DetailViewController.swift */ = {isa = PBXFileReference; lastKnownFileType = sourcecode.swift; path = DetailViewController.swift; sourceTree = "<group>"; };
/* End PBXFileReference section */

/* Begin PBXFrameworksBuildPhase section */
		B385DFD2266E779000E9AD14 /* Frameworks */ = {
			isa = PBXFrameworksBuildPhase;
			buildActionMask = 2147483647;
			files = (
			);
			runOnlyForDeploymentPostprocessing = 0;
		};
/* End PBXFrameworksBuildPhase section */

/* Begin PBXGroup section */
		B385DFCC266E779000E9AD14 = {
			isa = PBXGroup;
			children = (
				B385DFD7266E779000E9AD14 /* finalApp */,
				B385DFD6266E779000E9AD14 /* Products */,
			);
			sourceTree = "<group>";
		};
		B385DFD6266E779000E9AD14 /* Products */ = {
			isa = PBXGroup;
			children = (
				B385DFD5266E779000E9AD14 /* finalApp.app */,
			);
			name = Products;
			sourceTree = "<group>";
		};
		B385DFD7266E779000E9AD14 /* finalApp */ = {
			isa = PBXGroup;
			children = (
				B385DFD8266E779000E9AD14 /* AppDelegate.swift */,
				B385DFDA266E779000E9AD14 /* SceneDelegate.swift */,
				B385DFF3266E7B5000E9AD14 /* DetailViewController.swift */,
				B385DFDE266E779000E9AD14 /* Main.storyboard */,
				B385DFDC266E779000E9AD14 /* ViewController.swift */,
				B385DFE1266E779100E9AD14 /* Assets.xcassets */,
				B385DFE3266E779100E9AD14 /* LaunchScreen.storyboard */,
				B385DFE6266E779100E9AD14 /* Info.plist */,
				B385DFED266E7AA200E9AD14 /* receta.swift */,
				B385DFF0266E7AB500E9AD14 /* Rresetas.swift */,
				B34D1E93266F70E900A3A641 /* recetaServices.swift */,
			);
			path = finalApp;
			sourceTree = "<group>";
		};
/* End PBXGroup section */

/* Begin PBXNativeTarget section */
		B385DFD4266E779000E9AD14 /* finalApp */ = {
			isa = PBXNativeTarget;
			buildConfigurationList = B385DFE9266E779100E9AD14 /* Build configuration list for PBXNativeTarget "finalApp" */;
			buildPhases = (
				B385DFD1266E779000E9AD14 /* Sources */,
				B385DFD2266E779000E9AD14 /* Frameworks */,
				B385DFD3266E779000E9AD14 /* Resources */,
			);
			buildRules = (
			);
			dependencies = (
			);
			name = finalApp;
			productName = finalApp;
			productReference = B385DFD5266E779000E9AD14 /* finalApp.app */;
			productType = "com.apple.product-type.application";
		};
/* End PBXNativeTarget section */

/* Begin PBXProject section */
		B385DFCD266E779000E9AD14 /* Project object */ = {
			isa = PBXProject;
			attributes = {
				LastSwiftUpdateCheck = 1240;
				LastUpgradeCheck = 1240;
				TargetAttributes = {
					B385DFD4266E779000E9AD14 = {
						CreatedOnToolsVersion = 12.4;
					};
				};
			};
			buildConfigurationList = B385DFD0266E779000E9AD14 /* Build configuration list for PBXProject "finalApp" */;
			compatibilityVersion = "Xcode 9.3";
			developmentRegion = en;
			hasScannedForEncodings = 0;
			knownRegions = (
				en,
				Base,
			);
			mainGroup = B385DFCC266E779000E9AD14;
			productRefGroup = B385DFD6266E779000E9AD14 /* Products */;
			projectDirPath = "";
			projectRoot = "";
			targets = (
				B385DFD4266E779000E9AD14 /* finalApp */,
			);
		};
/* End PBXProject section */

/* Begin PBXResourcesBuildPhase section */
		B385DFD3266E779000E9AD14 /* Resources */ = {
			isa = PBXResourcesBuildPhase;
			buildActionMask = 2147483647;
			files = (
				B385DFE5266E779100E9AD14 /* LaunchScreen.storyboard in Resources */,
				B385DFE2266E779100E9AD14 /* Assets.xcassets in Resources */,
				B385DFE0266E779000E9AD14 /* Main.storyboard in Resources */,
			);
			runOnlyForDeploymentPostprocessing = 0;
		};
/* End PBXResourcesBuildPhase section */

/* Begin PBXSourcesBuildPhase section */
		B385DFD1266E779000E9AD14 /* Sources */ = {
			isa = PBXSourcesBuildPhase;
			buildActionMask = 2147483647;
			files = (
				B385DFDD266E779000E9AD14 /* ViewController.swift in Sources */,
				B385DFD9266E779000E9AD14 /* AppDelegate.swift in Sources */,
				B385DFDB266E779000E9AD14 /* SceneDelegate.swift in Sources */,
				B34D1E94266F70E900A3A641 /* recetaServices.swift in Sources */,
				B385DFF4266E7B5000E9AD14 /* DetailViewController.swift in Sources */,
				B385DFF1266E7AB500E9AD14 /* Rresetas.swift in Sources */,
				B385DFEE266E7AA200E9AD14 /* receta.swift in Sources */,
			);
			runOnlyForDeploymentPostprocessing = 0;
		};
/* End PBXSourcesBuildPhase section */

/* Begin PBXVariantGroup section */
		B385DFDE266E779000E9AD14 /* Main.storyboard */ = {
			isa = PBXVariantGroup;
			children = (
				B385DFDF266E779000E9AD14 /* Base */,
			);
			name = Main.storyboard;
			sourceTree = "<group>";
		};
		B385DFE3266E779100E9AD14 /* LaunchScreen.storyboard */ = {
			isa = PBXVariantGroup;
			children = (
				B385DFE4266E779100E9AD14 /* Base */,
			);
			name = LaunchScreen.storyboard;
			sourceTree = "<group>";
		};
/* End PBXVariantGroup section */

/* Begin XCBuildConfiguration section */
		B385DFE7266E779100E9AD14 /* Debug */ = {
			isa = XCBuildConfiguration;
			buildSettings = {
				ALWAYS_SEARCH_USER_PATHS = NO;
				CLANG_ANALYZER_NONNULL = YES;
				CLANG_ANALYZER_NUMBER_OBJECT_CONVERSION = YES_AGGRESSIVE;
				CLANG_CXX_LANGUAGE_STANDARD = "gnu++14";
				CLANG_CXX_LIBRARY = "libc++";
				CLANG_ENABLE_MODULES = YES;
				CLANG_ENABLE_OBJC_ARC = YES;
				CLANG_ENABLE_OBJC_WEAK = YES;
				CLANG_WARN_BLOCK_CAPTURE_AUTORELEASING = YES;
				CLANG_WARN_BOOL_CONVERSION = YES;
				CLANG_WARN_COMMA = YES;
				CLANG_WARN_CONSTANT_CONVERSION = YES;
				CLANG_WARN_DEPRECATED_OBJC_IMPLEMENTATIONS = YES;
				CLANG_WARN_DIRECT_OBJC_ISA_USAGE = YES_ERROR;
				CLANG_WARN_DOCUMENTATION_COMMENTS = YES;
				CLANG_WARN_EMPTY_BODY = YES;
				CLANG_WARN_ENUM_CONVERSION = YES;
				CLANG_WARN_INFINITE_RECURSION = YES;
				CLANG_WARN_INT_CONVERSION = YES;
				CLANG_WARN_NON_LITERAL_NULL_CONVERSION = YES;
				CLANG_WARN_OBJC_IMPLICIT_RETAIN_SELF = YES;
				CLANG_WARN_OBJC_LITERAL_CONVERSION = YES;
				CLANG_WARN_OBJC_ROOT_CLASS = YES_ERROR;
				CLANG_WARN_QUOTED_INCLUDE_IN_FRAMEWORK_HEADER = YES;
				CLANG_WARN_RANGE_LOOP_ANALYSIS = YES;
				CLANG_WARN_STRICT_PROTOTYPES = YES;
				CLANG_WARN_SUSPICIOUS_MOVE = YES;
				CLANG_WARN_UNGUARDED_AVAILABILITY = YES_AGGRESSIVE;
				CLANG_WARN_UNREACHABLE_CODE = YES;
				CLANG_WARN__DUPLICATE_METHOD_MATCH = YES;
				COPY_PHASE_STRIP = NO;
				DEBUG_INFORMATION_FORMAT = dwarf;
				ENABLE_STRICT_OBJC_MSGSEND = YES;
				ENABLE_TESTABILITY = YES;
				GCC_C_LANGUAGE_STANDARD = gnu11;
				GCC_DYNAMIC_NO_PIC = NO;
				GCC_NO_COMMON_BLOCKS = YES;
				GCC_OPTIMIZATION_LEVEL = 0;
				GCC_PREPROCESSOR_DEFINITIONS = (
					"DEBUG=1",
					"$(inherited)",
				);
				GCC_WARN_64_TO_32_BIT_CONVERSION = YES;
				GCC_WARN_ABOUT_RETURN_TYPE = YES_ERROR;
				GCC_WARN_UNDECLARED_SELECTOR = YES;
				GCC_WARN_UNINITIALIZED_AUTOS = YES_AGGRESSIVE;
				GCC_WARN_UNUSED_FUNCTION = YES;
				GCC_WARN_UNUSED_VARIABLE = YES;
				IPHONEOS_DEPLOYMENT_TARGET = 14.4;
				MTL_ENABLE_DEBUG_INFO = INCLUDE_SOURCE;
				MTL_FAST_MATH = YES;
				ONLY_ACTIVE_ARCH = YES;
				SDKROOT = iphoneos;
				SWIFT_ACTIVE_COMPILATION_CONDITIONS = DEBUG;
				SWIFT_OPTIMIZATION_LEVEL = "-Onone";
			};
			name = Debug;
		};
		B385DFE8266E779100E9AD14 /* Release */ = {
			isa = XCBuildConfiguration;
			buildSettings = {
				ALWAYS_SEARCH_USER_PATHS = NO;
				CLANG_ANALYZER_NONNULL = YES;
				CLANG_ANALYZER_NUMBER_OBJECT_CONVERSION = YES_AGGRESSIVE;
				CLANG_CXX_LANGUAGE_STANDARD = "gnu++14";
				CLANG_CXX_LIBRARY = "libc++";
				CLANG_ENABLE_MODULES = YES;
				CLANG_ENABLE_OBJC_ARC = YES;
				CLANG_ENABLE_OBJC_WEAK = YES;
				CLANG_WARN_BLOCK_CAPTURE_AUTORELEASING = YES;
				CLANG_WARN_BOOL_CONVERSION = YES;
				CLANG_WARN_COMMA = YES;
				CLANG_WARN_CONSTANT_CONVERSION = YES;
				CLANG_WARN_DEPRECATED_OBJC_IMPLEMENTATIONS = YES;
				CLANG_WARN_DIRECT_OBJC_ISA_USAGE = YES_ERROR;
				CLANG_WARN_DOCUMENTATION_COMMENTS = YES;
				CLANG_WARN_EMPTY_BODY = YES;
				CLANG_WARN_ENUM_CONVERSION = YES;
				CLANG_WARN_INFINITE_RECURSION = YES;
				CLANG_WARN_INT_CONVERSION = YES;
				CLANG_WARN_NON_LITERAL_NULL_CONVERSION = YES;
				CLANG_WARN_OBJC_IMPLICIT_RETAIN_SELF = YES;
				CLANG_WARN_OBJC_LITERAL_CONVERSION = YES;
				CLANG_WARN_OBJC_ROOT_CLASS = YES_ERROR;
				CLANG_WARN_QUOTED_INCLUDE_IN_FRAMEWORK_HEADER = YES;
				CLANG_WARN_RANGE_LOOP_ANALYSIS = YES;
				CLANG_WARN_STRICT_PROTOTYPES = YES;
				CLANG_WARN_SUSPICIOUS_MOVE = YES;
				CLANG_WARN_UNGUARDED_AVAILABILITY = YES_AGGRESSIVE;
				CLANG_WARN_UNREACHABLE_CODE = YES;
				CLANG_WARN__DUPLICATE_METHOD_MATCH = YES;
				COPY_PHASE_STRIP = NO;
				DEBUG_INFORMATION_FORMAT = "dwarf-with-dsym";
				ENABLE_NS_ASSERTIONS = NO;
				ENABLE_STRICT_OBJC_MSGSEND = YES;
				GCC_C_LANGUAGE_STANDARD = gnu11;
				GCC_NO_COMMON_BLOCKS = YES;
				GCC_WARN_64_TO_32_BIT_CONVERSION = YES;
				GCC_WARN_ABOUT_RETURN_TYPE = YES_ERROR;
				GCC_WARN_UNDECLARED_SELECTOR = YES;
				GCC_WARN_UNINITIALIZED_AUTOS = YES_AGGRESSIVE;
				GCC_WARN_UNUSED_FUNCTION = YES;
				GCC_WARN_UNUSED_VARIABLE = YES;
				IPHONEOS_DEPLOYMENT_TARGET = 14.4;
				MTL_ENABLE_DEBUG_INFO = NO;
				MTL_FAST_MATH = YES;
				SDKROOT = iphoneos;
				SWIFT_COMPILATION_MODE = wholemodule;
				SWIFT_OPTIMIZATION_LEVEL = "-O";
				VALIDATE_PRODUCT = YES;
			};
			name = Release;
		};
		B385DFEA266E779100E9AD14 /* Debug */ = {
			isa = XCBuildConfiguration;
			buildSettings = {
				ASSETCATALOG_COMPILER_APPICON_NAME = AppIcon;
				ASSETCATALOG_COMPILER_GLOBAL_ACCENT_COLOR_NAME = AccentColor;
				CODE_SIGN_STYLE = Automatic;
				INFOPLIST_FILE = finalApp/Info.plist;
				LD_RUNPATH_SEARCH_PATHS = (
					"$(inherited)",
					"@executable_path/Frameworks",
				);
				PRODUCT_BUNDLE_IDENTIFIER = Cocinero.finalApp;
				PRODUCT_NAME = "$(TARGET_NAME)";
				SWIFT_VERSION = 5.0;
				TARGETED_DEVICE_FAMILY = "1,2";
			};
			name = Debug;
		};
		B385DFEB266E779100E9AD14 /* Release */ = {
			isa = XCBuildConfiguration;
			buildSettings = {
				ASSETCATALOG_COMPILER_APPICON_NAME = AppIcon;
				ASSETCATALOG_COMPILER_GLOBAL_ACCENT_COLOR_NAME = AccentColor;
				CODE_SIGN_STYLE = Automatic;
				INFOPLIST_FILE = finalApp/Info.plist;
				LD_RUNPATH_SEARCH_PATHS = (
					"$(inherited)",
					"@executable_path/Frameworks",
				);
				PRODUCT_BUNDLE_IDENTIFIER = Cocinero.finalApp;
				PRODUCT_NAME = "$(TARGET_NAME)";
				SWIFT_VERSION = 5.0;
				TARGETED_DEVICE_FAMILY = "1,2";
			};
			name = Release;
		};
/* End XCBuildConfiguration section */

/* Begin XCConfigurationList section */
		B385DFD0266E779000E9AD14 /* Build configuration list for PBXProject "finalApp" */ = {
			isa = XCConfigurationList;
			buildConfigurations = (
				B385DFE7266E779100E9AD14 /* Debug */,
				B385DFE8266E779100E9AD14 /* Release */,
			);
			defaultConfigurationIsVisible = 0;
			defaultConfigurationName = Release;
		};
		B385DFE9266E779100E9AD14 /* Build configuration list for PBXNativeTarget "finalApp" */ = {
			isa = XCConfigurationList;
			buildConfigurations = (
				B385DFEA266E779100E9AD14 /* Debug */,
				B385DFEB266E779100E9AD14 /* Release */,
			);
			defaultConfigurationIsVisible = 0;
			defaultConfigurationName = Release;
		};
/* End XCConfigurationList section */
	};
	rootObject = B385DFCD266E779000E9AD14 /* Project object */;
}
